// !$*UTF8*$!
{
	archiveVersion = 1;
	classes = {
	};
	objectVersion = 50;
	objects = {

/* Begin PBXBuildFile section */
		8D8FF3E7235F9B55007BB676 /* AppDelegate.swift in Sources */ = {isa = PBXBuildFile; fileRef = 8D8FF3E6235F9B55007BB676 /* AppDelegate.swift */; };
		8D8FF3E9235F9B55007BB676 /* SceneDelegate.swift in Sources */ = {isa = PBXBuildFile; fileRef = 8D8FF3E8235F9B55007BB676 /* SceneDelegate.swift */; };
		8D8FF3EB235F9B55007BB676 /* ViewController.swift in Sources */ = {isa = PBXBuildFile; fileRef = 8D8FF3EA235F9B55007BB676 /* ViewController.swift */; };
		8D8FF3EE235F9B55007BB676 /* Main.storyboard in Resources */ = {isa = PBXBuildFile; fileRef = 8D8FF3EC235F9B55007BB676 /* Main.storyboard */; };
		8D8FF3F0235F9B5C007BB676 /* Assets.xcassets in Resources */ = {isa = PBXBuildFile; fileRef = 8D8FF3EF235F9B5C007BB676 /* Assets.xcassets */; };
		8D8FF3F3235F9B5C007BB676 /* LaunchScreen.storyboard in Resources */ = {isa = PBXBuildFile; fileRef = 8D8FF3F1235F9B5C007BB676 /* LaunchScreen.storyboard */; };
/* End PBXBuildFile section */

/* Begin PBXFileReference section */
		8D8FF3E3235F9B55007BB676 /* PersonalQuiz.app */ = {isa = PBXFileReference; explicitFileType = wrapper.application; includeInIndex = 0; path = PersonalQuiz.app; sourceTree = BUILT_PRODUCTS_DIR; };
		8D8FF3E6235F9B55007BB676 /* AppDelegate.swift */ = {isa = PBXFileReference; lastKnownFileType = sourcecode.swift; path = AppDelegate.swift; sourceTree = "<group>"; };
		8D8FF3E8235F9B55007BB676 /* SceneDelegate.swift */ = {isa = PBXFileReference; lastKnownFileType = sourcecode.swift; path = SceneDelegate.swift; sourceTree = "<group>"; };
		8D8FF3EA235F9B55007BB676 /* ViewController.swift */ = {isa = PBXFileReference; lastKnownFileType = sourcecode.swift; path = ViewController.swift; sourceTree = "<group>"; };
		8D8FF3ED235F9B55007BB676 /* Base */ = {isa = PBXFileReference; lastKnownFileType = file.storyboard; name = Base; path = Base.lproj/Main.storyboard; sourceTree = "<group>"; };
		8D8FF3EF235F9B5C007BB676 /* Assets.xcassets */ = {isa = PBXFileReference; lastKnownFileType = folder.assetcatalog; path = Assets.xcassets; sourceTree = "<group>"; };
		8D8FF3F2235F9B5C007BB676 /* Base */ = {isa = PBXFileReference; lastKnownFileType = file.storyboard; name = Base; path = Base.lproj/LaunchScreen.storyboard; sourceTree = "<group>"; };
		8D8FF3F4235F9B5C007BB676 /* Info.plist */ = {isa = PBXFileReference; lastKnownFileType = text.plist.xml; path = Info.plist; sourceTree = "<group>"; };
/* End PBXFileReference section */

/* Begin PBXFrameworksBuildPhase section */
		8D8FF3E0235F9B55007BB676 /* Frameworks */ = {
			isa = PBXFrameworksBuildPhase;
			buildActionMask = 2147483647;
			files = (
			);
			runOnlyForDeploymentPostprocessing = 0;
		};
/* End PBXFrameworksBuildPhase section */

/* Begin PBXGroup section */
		8D8FF3DA235F9B55007BB676 = {
			isa = PBXGroup;
			children = (
				8D8FF3E5235F9B55007BB676 /* PersonalQuiz */,
				8D8FF3E4235F9B55007BB676 /* Products */,
			);
			sourceTree = "<group>";
		};
		8D8FF3E4235F9B55007BB676 /* Products */ = {
			isa = PBXGroup;
			children = (
				8D8FF3E3235F9B55007BB676 /* PersonalQuiz.app */,
			);
			name = Products;
			sourceTree = "<group>";
		};
		8D8FF3E5235F9B55007BB676 /* PersonalQuiz */ = {
			isa = PBXGroup;
			children = (
				8D8FF3E6235F9B55007BB676 /* AppDelegate.swift */,
				8D8FF3E8235F9B55007BB676 /* SceneDelegate.swift */,
				8D8FF3EA235F9B55007BB676 /* ViewController.swift */,
				8D8FF3EC235F9B55007BB676 /* Main.storyboard */,
				8D8FF3EF235F9B5C007BB676 /* Assets.xcassets */,
				8D8FF3F1235F9B5C007BB676 /* LaunchScreen.storyboard */,
				8D8FF3F4235F9B5C007BB676 /* Info.plist */,
			);
			path = PersonalQuiz;
			sourceTree = "<group>";
		};
/* End PBXGroup section */

/* Begin PBXNativeTarget section */
		8D8FF3E2235F9B55007BB676 /* PersonalQuiz */ = {
			isa = PBXNativeTarget;
			buildConfigurationList = 8D8FF3F7235F9B5C007BB676 /* Build configuration list for PBXNativeTarget "PersonalQuiz" */;
			buildPhases = (
				8D8FF3DF235F9B55007BB676 /* Sources */,
				8D8FF3E0235F9B55007BB676 /* Frameworks */,
				8D8FF3E1235F9B55007BB676 /* Resources */,
			);
			buildRules = (
			);
			dependencies = (
			);
			name = PersonalQuiz;
			productName = PersonalQuiz;
			productReference = 8D8FF3E3235F9B55007BB676 /* PersonalQuiz.app */;
			productType = "com.apple.product-type.application";
		};
/* End PBXNativeTarget section */

/* Begin PBXProject section */
		8D8FF3DB235F9B55007BB676 /* Project object */ = {
			isa = PBXProject;
			attributes = {
				LastSwiftUpdateCheck = 1100;
				LastUpgradeCheck = 1100;
				ORGANIZATIONNAME = "Dennis Nesanoff";
				TargetAttributes = {
					8D8FF3E2235F9B55007BB676 = {
						CreatedOnToolsVersion = 11.0;
					};
				};
			};
			buildConfigurationList = 8D8FF3DE235F9B55007BB676 /* Build configuration list for PBXProject "PersonalQuiz" */;
			compatibilityVersion = "Xcode 9.3";
			developmentRegion = en;
			hasScannedForEncodings = 0;
			knownRegions = (
				en,
				Base,
			);
			mainGroup = 8D8FF3DA235F9B55007BB676;
			productRefGroup = 8D8FF3E4235F9B55007BB676 /* Products */;
			projectDirPath = "";
			projectRoot = "";
			targets = (
				8D8FF3E2235F9B55007BB676 /* PersonalQuiz */,
			);
		};
/* End PBXProject section */

/* Begin PBXResourcesBuildPhase section */
		8D8FF3E1235F9B55007BB676 /* Resources */ = {
			isa = PBXResourcesBuildPhase;
			buildActionMask = 2147483647;
			files = (
				8D8FF3F3235F9B5C007BB676 /* LaunchScreen.storyboard in Resources */,
				8D8FF3F0235F9B5C007BB676 /* Assets.xcassets in Resources */,
				8D8FF3EE235F9B55007BB676 /* Main.storyboard in Resources */,
			);
			runOnlyForDeploymentPostprocessing = 0;
		};
/* End PBXResourcesBuildPhase section */

/* Begin PBXSourcesBuildPhase section */
		8D8FF3DF235F9B55007BB676 /* Sources */ = {
			isa = PBXSourcesBuildPhase;
			buildActionMask = 2147483647;
			files = (
				8D8FF3EB235F9B55007BB676 /* ViewController.swift in Sources */,
				8D8FF3E7235F9B55007BB676 /* AppDelegate.swift in Sources */,
				8D8FF3E9235F9B55007BB676 /* SceneDelegate.swift in Sources */,
			);
			runOnlyForDeploymentPostprocessing = 0;
		};
/* End PBXSourcesBuildPhase section */

/* Begin PBXVariantGroup section */
		8D8FF3EC235F9B55007BB676 /* Main.storyboard */ = {
			isa = PBXVariantGroup;
			children = (
				8D8FF3ED235F9B55007BB676 /* Base */,
			);
			name = Main.storyboard;
			sourceTree = "<group>";
		};
		8D8FF3F1235F9B5C007BB676 /* LaunchScreen.storyboard */ = {
			isa = PBXVariantGroup;
			children = (
				8D8FF3F2235F9B5C007BB676 /* Base */,
			);
			name = LaunchScreen.storyboard;
			sourceTree = "<group>";
		};
/* End PBXVariantGroup section */

/* Begin XCBuildConfiguration section */
		8D8FF3F5235F9B5C007BB676 /* Debug */ = {
			isa = XCBuildConfiguration;
			buildSettings = {
				ALWAYS_SEARCH_USER_PATHS = NO;
				CLANG_ANALYZER_NONNULL = YES;
				CLANG_ANALYZER_NUMBER_OBJECT_CONVERSION = YES_AGGRESSIVE;
				CLANG_CXX_LANGUAGE_STANDARD = "gnu++14";
				CLANG_CXX_LIBRARY = "libc++";
				CLANG_ENABLE_MODULES = YES;
				CLANG_ENABLE_OBJC_ARC = YES;
				CLANG_ENABLE_OBJC_WEAK = YES;
				CLANG_WARN_BLOCK_CAPTURE_AUTORELEASING = YES;
				CLANG_WARN_BOOL_CONVERSION = YES;
				CLANG_WARN_COMMA = YES;
				CLANG_WARN_CONSTANT_CONVERSION = YES;
				CLANG_WARN_DEPRECATED_OBJC_IMPLEMENTATIONS = YES;
				CLANG_WARN_DIRECT_OBJC_ISA_USAGE = YES_ERROR;
				CLANG_WARN_DOCUMENTATION_COMMENTS = YES;
				CLANG_WARN_EMPTY_BODY = YES;
				CLANG_WARN_ENUM_CONVERSION = YES;
				CLANG_WARN_INFINITE_RECURSION = YES;
				CLANG_WARN_INT_CONVERSION = YES;
				CLANG_WARN_NON_LITERAL_NULL_CONVERSION = YES;
				CLANG_WARN_OBJC_IMPLICIT_RETAIN_SELF = YES;
				CLANG_WARN_OBJC_LITERAL_CONVERSION = YES;
				CLANG_WARN_OBJC_ROOT_CLASS = YES_ERROR;
				CLANG_WARN_RANGE_LOOP_ANALYSIS = YES;
				CLANG_WARN_STRICT_PROTOTYPES = YES;
				CLANG_WARN_SUSPICIOUS_MOVE = YES;
				CLANG_WARN_UNGUARDED_AVAILABILITY = YES_AGGRESSIVE;
				CLANG_WARN_UNREACHABLE_CODE = YES;
				CLANG_WARN__DUPLICATE_METHOD_MATCH = YES;
				COPY_PHASE_STRIP = NO;
				DEBUG_INFORMATION_FORMAT = dwarf;
				ENABLE_STRICT_OBJC_MSGSEND = YES;
				ENABLE_TESTABILITY = YES;
				GCC_C_LANGUAGE_STANDARD = gnu11;
				GCC_DYNAMIC_NO_PIC = NO;
				GCC_NO_COMMON_BLOCKS = YES;
				GCC_OPTIMIZATION_LEVEL = 0;
				GCC_PREPROCESSOR_DEFINITIONS = (
					"DEBUG=1",
					"$(inherited)",
				);
				GCC_WARN_64_TO_32_BIT_CONVERSION = YES;
				GCC_WARN_ABOUT_RETURN_TYPE = YES_ERROR;
				GCC_WARN_UNDECLARED_SELECTOR = YES;
				GCC_WARN_UNINITIALIZED_AUTOS = YES_AGGRESSIVE;
				GCC_WARN_UNUSED_FUNCTION = YES;
				GCC_WARN_UNUSED_VARIABLE = YES;
				IPHONEOS_DEPLOYMENT_TARGET = 13.0;
				MTL_ENABLE_DEBUG_INFO = INCLUDE_SOURCE;
				MTL_FAST_MATH = YES;
				ONLY_ACTIVE_ARCH = YES;
				SDKROOT = iphoneos;
				SWIFT_ACTIVE_COMPILATION_CONDITIONS = DEBUG;
				SWIFT_OPTIMIZATION_LEVEL = "-Onone";
			};
			name = Debug;
		};
		8D8FF3F6235F9B5C007BB676 /* Release */ = {
			isa = XCBuildConfiguration;
			buildSettings = {
				ALWAYS_SEARCH_USER_PATHS = NO;
				CLANG_ANALYZER_NONNULL = YES;
				CLANG_ANALYZER_NUMBER_OBJECT_CONVERSION = YES_AGGRESSIVE;
				CLANG_CXX_LANGUAGE_STANDARD = "gnu++14";
				CLANG_CXX_LIBRARY = "libc++";
				CLANG_ENABLE_MODULES = YES;
				CLANG_ENABLE_OBJC_ARC = YES;
				CLANG_ENABLE_OBJC_WEAK = YES;
				CLANG_WARN_BLOCK_CAPTURE_AUTORELEASING = YES;
				CLANG_WARN_BOOL_CONVERSION = YES;
				CLANG_WARN_COMMA = YES;
				CLANG_WARN_CONSTANT_CONVERSION = YES;
				CLANG_WARN_DEPRECATED_OBJC_IMPLEMENTATIONS = YES;
				CLANG_WARN_DIRECT_OBJC_ISA_USAGE = YES_ERROR;
				CLANG_WARN_DOCUMENTATION_COMMENTS = YES;
				CLANG_WARN_EMPTY_BODY = YES;
				CLANG_WARN_ENUM_CONVERSION = YES;
				CLANG_WARN_INFINITE_RECURSION = YES;
				CLANG_WARN_INT_CONVERSION = YES;
				CLANG_WARN_NON_LITERAL_NULL_CONVERSION = YES;
				CLANG_WARN_OBJC_IMPLICIT_RETAIN_SELF = YES;
				CLANG_WARN_OBJC_LITERAL_CONVERSION = YES;
				CLANG_WARN_OBJC_ROOT_CLASS = YES_ERROR;
				CLANG_WARN_RANGE_LOOP_ANALYSIS = YES;
				CLANG_WARN_STRICT_PROTOTYPES = YES;
				CLANG_WARN_SUSPICIOUS_MOVE = YES;
				CLANG_WARN_UNGUARDED_AVAILABILITY = YES_AGGRESSIVE;
				CLANG_WARN_UNREACHABLE_CODE = YES;
				CLANG_WARN__DUPLICATE_METHOD_MATCH = YES;
				COPY_PHASE_STRIP = NO;
				DEBUG_INFORMATION_FORMAT = "dwarf-with-dsym";
				ENABLE_NS_ASSERTIONS = NO;
				ENABLE_STRICT_OBJC_MSGSEND = YES;
				GCC_C_LANGUAGE_STANDARD = gnu11;
				GCC_NO_COMMON_BLOCKS = YES;
				GCC_WARN_64_TO_32_BIT_CONVERSION = YES;
				GCC_WARN_ABOUT_RETURN_TYPE = YES_ERROR;
				GCC_WARN_UNDECLARED_SELECTOR = YES;
				GCC_WARN_UNINITIALIZED_AUTOS = YES_AGGRESSIVE;
				GCC_WARN_UNUSED_FUNCTION = YES;
				GCC_WARN_UNUSED_VARIABLE = YES;
				IPHONEOS_DEPLOYMENT_TARGET = 13.0;
				MTL_ENABLE_DEBUG_INFO = NO;
				MTL_FAST_MATH = YES;
				SDKROOT = iphoneos;
				SWIFT_COMPILATION_MODE = wholemodule;
				SWIFT_OPTIMIZATION_LEVEL = "-O";
				VALIDATE_PRODUCT = YES;
			};
			name = Release;
		};
		8D8FF3F8235F9B5C007BB676 /* Debug */ = {
			isa = XCBuildConfiguration;
			buildSettings = {
				ASSETCATALOG_COMPILER_APPICON_NAME = AppIcon;
				CODE_SIGN_STYLE = Automatic;
				DEVELOPMENT_TEAM = C4R95F3PX7;
				INFOPLIST_FILE = PersonalQuiz/Info.plist;
				LD_RUNPATH_SEARCH_PATHS = (
					"$(inherited)",
					"@executable_path/Frameworks",
				);
				PRODUCT_BUNDLE_IDENTIFIER = com.nesanoff.PersonalQuiz;
				PRODUCT_NAME = "$(TARGET_NAME)";
				SWIFT_VERSION = 5.0;
				TARGETED_DEVICE_FAMILY = "1,2";
			};
			name = Debug;
		};
		8D8FF3F9235F9B5C007BB676 /* Release */ = {
			isa = XCBuildConfiguration;
			buildSettings = {
				ASSETCATALOG_COMPILER_APPICON_NAME = AppIcon;
				CODE_SIGN_STYLE = Automatic;
				DEVELOPMENT_TEAM = C4R95F3PX7;
				INFOPLIST_FILE = PersonalQuiz/Info.plist;
				LD_RUNPATH_SEARCH_PATHS = (
					"$(inherited)",
					"@executable_path/Frameworks",
				);
				PRODUCT_BUNDLE_IDENTIFIER = com.nesanoff.PersonalQuiz;
				PRODUCT_NAME = "$(TARGET_NAME)";
				SWIFT_VERSION = 5.0;
				TARGETED_DEVICE_FAMILY = "1,2";
			};
			name = Release;
		};
/* End XCBuildConfiguration section */

/* Begin XCConfigurationList section */
		8D8FF3DE235F9B55007BB676 /* Build configuration list for PBXProject "PersonalQuiz" */ = {
			isa = XCConfigurationList;
			buildConfigurations = (
				8D8FF3F5235F9B5C007BB676 /* Debug */,
				8D8FF3F6235F9B5C007BB676 /* Release */,
			);
			defaultConfigurationIsVisible = 0;
			defaultConfigurationName = Release;
		};
		8D8FF3F7235F9B5C007BB676 /* Build configuration list for PBXNativeTarget "PersonalQuiz" */ = {
			isa = XCConfigurationList;
			buildConfigurations = (
				8D8FF3F8235F9B5C007BB676 /* Debug */,
				8D8FF3F9235F9B5C007BB676 /* Release */,
			);
			defaultConfigurationIsVisible = 0;
			defaultConfigurationName = Release;
		};
/* End XCConfigurationList section */
	};
	rootObject = 8D8FF3DB235F9B55007BB676 /* Project object */;
}
